// !$*UTF8*$!
{
	archiveVersion = 1;
	classes = {
	};
	objectVersion = 50;
	objects = {

/* Begin PBXBuildFile section */
		79B58E272115645300956F10 /* AppDelegate.swift in Sources */ = {isa = PBXBuildFile; fileRef = 79B58E262115645300956F10 /* AppDelegate.swift */; };
		79B58E2C2115645300956F10 /* Main.storyboard in Resources */ = {isa = PBXBuildFile; fileRef = 79B58E2A2115645300956F10 /* Main.storyboard */; };
		79B58E2E2115645400956F10 /* Assets.xcassets in Resources */ = {isa = PBXBuildFile; fileRef = 79B58E2D2115645400956F10 /* Assets.xcassets */; };
		79B58E312115645400956F10 /* LaunchScreen.storyboard in Resources */ = {isa = PBXBuildFile; fileRef = 79B58E2F2115645400956F10 /* LaunchScreen.storyboard */; };
		79B58E39211564AE00956F10 /* AttractionTableViewController.swift in Sources */ = {isa = PBXBuildFile; fileRef = 79B58E38211564AE00956F10 /* AttractionTableViewController.swift */; };
		79B58E3B211565EC00956F10 /* AttractionTableViewCell.swift in Sources */ = {isa = PBXBuildFile; fileRef = 79B58E3A211565EC00956F10 /* AttractionTableViewCell.swift */; };
		79B58E4121156A9100956F10 /* eiffel_tower.jpg in Resources */ = {isa = PBXBuildFile; fileRef = 79B58E3C21156A9100956F10 /* eiffel_tower.jpg */; };
		79B58E4221156A9100956F10 /* windsor_castle.jpg in Resources */ = {isa = PBXBuildFile; fileRef = 79B58E3D21156A9100956F10 /* windsor_castle.jpg */; };
		79B58E4321156A9100956F10 /* buckingham_palace.jpg in Resources */ = {isa = PBXBuildFile; fileRef = 79B58E3E21156A9100956F10 /* buckingham_palace.jpg */; };
		79B58E4421156A9100956F10 /* empire_state_building.jpg in Resources */ = {isa = PBXBuildFile; fileRef = 79B58E3F21156A9100956F10 /* empire_state_building.jpg */; };
		79B58E4521156A9100956F10 /* grand_canyon.jpg in Resources */ = {isa = PBXBuildFile; fileRef = 79B58E4021156A9100956F10 /* grand_canyon.jpg */; };
		79B58E472115735E00956F10 /* AttractionViewController.swift in Sources */ = {isa = PBXBuildFile; fileRef = 79B58E462115735E00956F10 /* AttractionViewController.swift */; };
/* End PBXBuildFile section */

/* Begin PBXFileReference section */
		79B58E232115645300956F10 /* NavigationTest.app */ = {isa = PBXFileReference; explicitFileType = wrapper.application; includeInIndex = 0; path = NavigationTest.app; sourceTree = BUILT_PRODUCTS_DIR; };
		79B58E262115645300956F10 /* AppDelegate.swift */ = {isa = PBXFileReference; lastKnownFileType = sourcecode.swift; path = AppDelegate.swift; sourceTree = "<group>"; };
		79B58E2B2115645300956F10 /* Base */ = {isa = PBXFileReference; lastKnownFileType = file.storyboard; name = Base; path = Base.lproj/Main.storyboard; sourceTree = "<group>"; };
		79B58E2D2115645400956F10 /* Assets.xcassets */ = {isa = PBXFileReference; lastKnownFileType = folder.assetcatalog; path = Assets.xcassets; sourceTree = "<group>"; };
		79B58E302115645400956F10 /* Base */ = {isa = PBXFileReference; lastKnownFileType = file.storyboard; name = Base; path = Base.lproj/LaunchScreen.storyboard; sourceTree = "<group>"; };
		79B58E322115645400956F10 /* Info.plist */ = {isa = PBXFileReference; lastKnownFileType = text.plist.xml; path = Info.plist; sourceTree = "<group>"; };
		79B58E38211564AE00956F10 /* AttractionTableViewController.swift */ = {isa = PBXFileReference; lastKnownFileType = sourcecode.swift; path = AttractionTableViewController.swift; sourceTree = "<group>"; };
		79B58E3A211565EC00956F10 /* AttractionTableViewCell.swift */ = {isa = PBXFileReference; lastKnownFileType = sourcecode.swift; path = AttractionTableViewCell.swift; sourceTree = "<group>"; };
		79B58E3C21156A9100956F10 /* eiffel_tower.jpg */ = {isa = PBXFileReference; lastKnownFileType = image.jpeg; path = eiffel_tower.jpg; sourceTree = "<group>"; };
		79B58E3D21156A9100956F10 /* windsor_castle.jpg */ = {isa = PBXFileReference; lastKnownFileType = image.jpeg; path = windsor_castle.jpg; sourceTree = "<group>"; };
		79B58E3E21156A9100956F10 /* buckingham_palace.jpg */ = {isa = PBXFileReference; lastKnownFileType = image.jpeg; path = buckingham_palace.jpg; sourceTree = "<group>"; };
		79B58E3F21156A9100956F10 /* empire_state_building.jpg */ = {isa = PBXFileReference; lastKnownFileType = image.jpeg; path = empire_state_building.jpg; sourceTree = "<group>"; };
		79B58E4021156A9100956F10 /* grand_canyon.jpg */ = {isa = PBXFileReference; lastKnownFileType = image.jpeg; path = grand_canyon.jpg; sourceTree = "<group>"; };
		79B58E462115735E00956F10 /* AttractionViewController.swift */ = {isa = PBXFileReference; lastKnownFileType = sourcecode.swift; path = AttractionViewController.swift; sourceTree = "<group>"; };
/* End PBXFileReference section */

/* Begin PBXFrameworksBuildPhase section */
		79B58E202115645300956F10 /* Frameworks */ = {
			isa = PBXFrameworksBuildPhase;
			buildActionMask = 2147483647;
			files = (
			);
			runOnlyForDeploymentPostprocessing = 0;
		};
/* End PBXFrameworksBuildPhase section */

/* Begin PBXGroup section */
		79B58E1A2115645300956F10 = {
			isa = PBXGroup;
			children = (
				79B58E252115645300956F10 /* NavigationTest */,
				79B58E242115645300956F10 /* Products */,
			);
			sourceTree = "<group>";
		};
		79B58E242115645300956F10 /* Products */ = {
			isa = PBXGroup;
			children = (
				79B58E232115645300956F10 /* NavigationTest.app */,
			);
			name = Products;
			sourceTree = "<group>";
		};
		79B58E252115645300956F10 /* NavigationTest */ = {
			isa = PBXGroup;
			children = (
				79B58E3E21156A9100956F10 /* buckingham_palace.jpg */,
				79B58E3C21156A9100956F10 /* eiffel_tower.jpg */,
				79B58E3F21156A9100956F10 /* empire_state_building.jpg */,
				79B58E4021156A9100956F10 /* grand_canyon.jpg */,
				79B58E3D21156A9100956F10 /* windsor_castle.jpg */,
				79B58E262115645300956F10 /* AppDelegate.swift */,
				79B58E2A2115645300956F10 /* Main.storyboard */,
				79B58E2D2115645400956F10 /* Assets.xcassets */,
				79B58E2F2115645400956F10 /* LaunchScreen.storyboard */,
				79B58E322115645400956F10 /* Info.plist */,
				79B58E38211564AE00956F10 /* AttractionTableViewController.swift */,
				79B58E3A211565EC00956F10 /* AttractionTableViewCell.swift */,
				79B58E462115735E00956F10 /* AttractionViewController.swift */,
			);
			path = NavigationTest;
			sourceTree = "<group>";
		};
/* End PBXGroup section */

/* Begin PBXNativeTarget section */
		79B58E222115645300956F10 /* NavigationTest */ = {
			isa = PBXNativeTarget;
			buildConfigurationList = 79B58E352115645400956F10 /* Build configuration list for PBXNativeTarget "NavigationTest" */;
			buildPhases = (
				79B58E1F2115645300956F10 /* Sources */,
				79B58E202115645300956F10 /* Frameworks */,
				79B58E212115645300956F10 /* Resources */,
			);
			buildRules = (
			);
			dependencies = (
			);
			name = NavigationTest;
			productName = NavigationTest;
			productReference = 79B58E232115645300956F10 /* NavigationTest.app */;
			productType = "com.apple.product-type.application";
		};
/* End PBXNativeTarget section */

/* Begin PBXProject section */
		79B58E1B2115645300956F10 /* Project object */ = {
			isa = PBXProject;
			attributes = {
				LastSwiftUpdateCheck = 1000;
				LastUpgradeCheck = 1000;
				ORGANIZATIONNAME = zuzero;
				TargetAttributes = {
					79B58E222115645300956F10 = {
						CreatedOnToolsVersion = 10.0;
					};
				};
			};
			buildConfigurationList = 79B58E1E2115645300956F10 /* Build configuration list for PBXProject "NavigationTest" */;
			compatibilityVersion = "Xcode 9.3";
			developmentRegion = en;
			hasScannedForEncodings = 0;
			knownRegions = (
				en,
				Base,
			);
			mainGroup = 79B58E1A2115645300956F10;
			productRefGroup = 79B58E242115645300956F10 /* Products */;
			projectDirPath = "";
			projectRoot = "";
			targets = (
				79B58E222115645300956F10 /* NavigationTest */,
			);
		};
/* End PBXProject section */

/* Begin PBXResourcesBuildPhase section */
		79B58E212115645300956F10 /* Resources */ = {
			isa = PBXResourcesBuildPhase;
			buildActionMask = 2147483647;
			files = (
				79B58E312115645400956F10 /* LaunchScreen.storyboard in Resources */,
				79B58E2E2115645400956F10 /* Assets.xcassets in Resources */,
				79B58E4521156A9100956F10 /* grand_canyon.jpg in Resources */,
				79B58E4121156A9100956F10 /* eiffel_tower.jpg in Resources */,
				79B58E4221156A9100956F10 /* windsor_castle.jpg in Resources */,
				79B58E4421156A9100956F10 /* empire_state_building.jpg in Resources */,
				79B58E4321156A9100956F10 /* buckingham_palace.jpg in Resources */,
				79B58E2C2115645300956F10 /* Main.storyboard in Resources */,
			);
			runOnlyForDeploymentPostprocessing = 0;
		};
/* End PBXResourcesBuildPhase section */

/* Begin PBXSourcesBuildPhase section */
		79B58E1F2115645300956F10 /* Sources */ = {
			isa = PBXSourcesBuildPhase;
			buildActionMask = 2147483647;
			files = (
				79B58E39211564AE00956F10 /* AttractionTableViewController.swift in Sources */,
				79B58E472115735E00956F10 /* AttractionViewController.swift in Sources */,
				79B58E3B211565EC00956F10 /* AttractionTableViewCell.swift in Sources */,
				79B58E272115645300956F10 /* AppDelegate.swift in Sources */,
			);
			runOnlyForDeploymentPostprocessing = 0;
		};
/* End PBXSourcesBuildPhase section */

/* Begin PBXVariantGroup section */
		79B58E2A2115645300956F10 /* Main.storyboard */ = {
			isa = PBXVariantGroup;
			children = (
				79B58E2B2115645300956F10 /* Base */,
			);
			name = Main.storyboard;
			sourceTree = "<group>";
		};
		79B58E2F2115645400956F10 /* LaunchScreen.storyboard */ = {
			isa = PBXVariantGroup;
			children = (
				79B58E302115645400956F10 /* Base */,
			);
			name = LaunchScreen.storyboard;
			sourceTree = "<group>";
		};
/* End PBXVariantGroup section */

/* Begin XCBuildConfiguration section */
		79B58E332115645400956F10 /* Debug */ = {
			isa = XCBuildConfiguration;
			buildSettings = {
				ALWAYS_SEARCH_USER_PATHS = NO;
				CLANG_ANALYZER_NONNULL = YES;
				CLANG_ANALYZER_NUMBER_OBJECT_CONVERSION = YES_AGGRESSIVE;
				CLANG_CXX_LANGUAGE_STANDARD = "gnu++14";
				CLANG_CXX_LIBRARY = "libc++";
				CLANG_ENABLE_MODULES = YES;
				CLANG_ENABLE_OBJC_ARC = YES;
				CLANG_ENABLE_OBJC_WEAK = YES;
				CLANG_WARN_BLOCK_CAPTURE_AUTORELEASING = YES;
				CLANG_WARN_BOOL_CONVERSION = YES;
				CLANG_WARN_COMMA = YES;
				CLANG_WARN_CONSTANT_CONVERSION = YES;
				CLANG_WARN_DEPRECATED_OBJC_IMPLEMENTATIONS = YES;
				CLANG_WARN_DIRECT_OBJC_ISA_USAGE = YES_ERROR;
				CLANG_WARN_DOCUMENTATION_COMMENTS = YES;
				CLANG_WARN_EMPTY_BODY = YES;
				CLANG_WARN_ENUM_CONVERSION = YES;
				CLANG_WARN_INFINITE_RECURSION = YES;
				CLANG_WARN_INT_CONVERSION = YES;
				CLANG_WARN_NON_LITERAL_NULL_CONVERSION = YES;
				CLANG_WARN_OBJC_IMPLICIT_RETAIN_SELF = YES;
				CLANG_WARN_OBJC_LITERAL_CONVERSION = YES;
				CLANG_WARN_OBJC_ROOT_CLASS = YES_ERROR;
				CLANG_WARN_RANGE_LOOP_ANALYSIS = YES;
				CLANG_WARN_STRICT_PROTOTYPES = YES;
				CLANG_WARN_SUSPICIOUS_MOVE = YES;
				CLANG_WARN_UNGUARDED_AVAILABILITY = YES_AGGRESSIVE;
				CLANG_WARN_UNREACHABLE_CODE = YES;
				CLANG_WARN__DUPLICATE_METHOD_MATCH = YES;
				CODE_SIGN_IDENTITY = "iPhone Developer";
				COPY_PHASE_STRIP = NO;
				DEBUG_INFORMATION_FORMAT = dwarf;
				ENABLE_STRICT_OBJC_MSGSEND = YES;
				ENABLE_TESTABILITY = YES;
				GCC_C_LANGUAGE_STANDARD = gnu11;
				GCC_DYNAMIC_NO_PIC = NO;
				GCC_NO_COMMON_BLOCKS = YES;
				GCC_OPTIMIZATION_LEVEL = 0;
				GCC_PREPROCESSOR_DEFINITIONS = (
					"DEBUG=1",
					"$(inherited)",
				);
				GCC_WARN_64_TO_32_BIT_CONVERSION = YES;
				GCC_WARN_ABOUT_RETURN_TYPE = YES_ERROR;
				GCC_WARN_UNDECLARED_SELECTOR = YES;
				GCC_WARN_UNINITIALIZED_AUTOS = YES_AGGRESSIVE;
				GCC_WARN_UNUSED_FUNCTION = YES;
				GCC_WARN_UNUSED_VARIABLE = YES;
				IPHONEOS_DEPLOYMENT_TARGET = 12.0;
				MTL_ENABLE_DEBUG_INFO = INCLUDE_SOURCE;
				MTL_FAST_MATH = YES;
				ONLY_ACTIVE_ARCH = YES;
				SDKROOT = iphoneos;
				SWIFT_ACTIVE_COMPILATION_CONDITIONS = DEBUG;
				SWIFT_OPTIMIZATION_LEVEL = "-Onone";
			};
			name = Debug;
		};
		79B58E342115645400956F10 /* Release */ = {
			isa = XCBuildConfiguration;
			buildSettings = {
				ALWAYS_SEARCH_USER_PATHS = NO;
				CLANG_ANALYZER_NONNULL = YES;
				CLANG_ANALYZER_NUMBER_OBJECT_CONVERSION = YES_AGGRESSIVE;
				CLANG_CXX_LANGUAGE_STANDARD = "gnu++14";
				CLANG_CXX_LIBRARY = "libc++";
				CLANG_ENABLE_MODULES = YES;
				CLANG_ENABLE_OBJC_ARC = YES;
				CLANG_ENABLE_OBJC_WEAK = YES;
				CLANG_WARN_BLOCK_CAPTURE_AUTORELEASING = YES;
				CLANG_WARN_BOOL_CONVERSION = YES;
				CLANG_WARN_COMMA = YES;
				CLANG_WARN_CONSTANT_CONVERSION = YES;
				CLANG_WARN_DEPRECATED_OBJC_IMPLEMENTATIONS = YES;
				CLANG_WARN_DIRECT_OBJC_ISA_USAGE = YES_ERROR;
				CLANG_WARN_DOCUMENTATION_COMMENTS = YES;
				CLANG_WARN_EMPTY_BODY = YES;
				CLANG_WARN_ENUM_CONVERSION = YES;
				CLANG_WARN_INFINITE_RECURSION = YES;
				CLANG_WARN_INT_CONVERSION = YES;
				CLANG_WARN_NON_LITERAL_NULL_CONVERSION = YES;
				CLANG_WARN_OBJC_IMPLICIT_RETAIN_SELF = YES;
				CLANG_WARN_OBJC_LITERAL_CONVERSION = YES;
				CLANG_WARN_OBJC_ROOT_CLASS = YES_ERROR;
				CLANG_WARN_RANGE_LOOP_ANALYSIS = YES;
				CLANG_WARN_STRICT_PROTOTYPES = YES;
				CLANG_WARN_SUSPICIOUS_MOVE = YES;
				CLANG_WARN_UNGUARDED_AVAILABILITY = YES_AGGRESSIVE;
				CLANG_WARN_UNREACHABLE_CODE = YES;
				CLANG_WARN__DUPLICATE_METHOD_MATCH = YES;
				CODE_SIGN_IDENTITY = "iPhone Developer";
				COPY_PHASE_STRIP = NO;
				DEBUG_INFORMATION_FORMAT = "dwarf-with-dsym";
				ENABLE_NS_ASSERTIONS = NO;
				ENABLE_STRICT_OBJC_MSGSEND = YES;
				GCC_C_LANGUAGE_STANDARD = gnu11;
				GCC_NO_COMMON_BLOCKS = YES;
				GCC_WARN_64_TO_32_BIT_CONVERSION = YES;
				GCC_WARN_ABOUT_RETURN_TYPE = YES_ERROR;
				GCC_WARN_UNDECLARED_SELECTOR = YES;
				GCC_WARN_UNINITIALIZED_AUTOS = YES_AGGRESSIVE;
				GCC_WARN_UNUSED_FUNCTION = YES;
				GCC_WARN_UNUSED_VARIABLE = YES;
				IPHONEOS_DEPLOYMENT_TARGET = 12.0;
				MTL_ENABLE_DEBUG_INFO = NO;
				MTL_FAST_MATH = YES;
				SDKROOT = iphoneos;
				SWIFT_COMPILATION_MODE = wholemodule;
				SWIFT_OPTIMIZATION_LEVEL = "-O";
				VALIDATE_PRODUCT = YES;
			};
			name = Release;
		};
		79B58E362115645400956F10 /* Debug */ = {
			isa = XCBuildConfiguration;
			buildSettings = {
				ASSETCATALOG_COMPILER_APPICON_NAME = AppIcon;
				CODE_SIGN_STYLE = Automatic;
				DEVELOPMENT_TEAM = GLLF8U86V2;
				INFOPLIST_FILE = NavigationTest/Info.plist;
				LD_RUNPATH_SEARCH_PATHS = (
					"$(inherited)",
					"@executable_path/Frameworks",
				);
				PRODUCT_BUNDLE_IDENTIFIER = org.zuzero.NavigationTest;
				PRODUCT_NAME = "$(TARGET_NAME)";
				SWIFT_VERSION = 4.2;
				TARGETED_DEVICE_FAMILY = "1,2";
			};
			name = Debug;
		};
		79B58E372115645400956F10 /* Release */ = {
			isa = XCBuildConfiguration;
			buildSettings = {
				ASSETCATALOG_COMPILER_APPICON_NAME = AppIcon;
				CODE_SIGN_STYLE = Automatic;
				DEVELOPMENT_TEAM = GLLF8U86V2;
				INFOPLIST_FILE = NavigationTest/Info.plist;
				LD_RUNPATH_SEARCH_PATHS = (
					"$(inherited)",
					"@executable_path/Frameworks",
				);
				PRODUCT_BUNDLE_IDENTIFIER = org.zuzero.NavigationTest;
				PRODUCT_NAME = "$(TARGET_NAME)";
				SWIFT_VERSION = 4.2;
				TARGETED_DEVICE_FAMILY = "1,2";
			};
			name = Release;
		};
/* End XCBuildConfiguration section */

/* Begin XCConfigurationList section */
		79B58E1E2115645300956F10 /* Build configuration list for PBXProject "NavigationTest" */ = {
			isa = XCConfigurationList;
			buildConfigurations = (
				79B58E332115645400956F10 /* Debug */,
				79B58E342115645400956F10 /* Release */,
			);
			defaultConfigurationIsVisible = 0;
			defaultConfigurationName = Release;
		};
		79B58E352115645400956F10 /* Build configuration list for PBXNativeTarget "NavigationTest" */ = {
			isa = XCConfigurationList;
			buildConfigurations = (
				79B58E362115645400956F10 /* Debug */,
				79B58E372115645400956F10 /* Release */,
			);
			defaultConfigurationIsVisible = 0;
			defaultConfigurationName = Release;
		};
/* End XCConfigurationList section */
	};
	rootObject = 79B58E1B2115645300956F10 /* Project object */;
}
